{"format_version":"1.2","terraform_version":"1.12.2","variables":{"aws_region":{"value":"us-east-1"},"environment":{"value":"demo"}},"planned_values":{"outputs":{"database_instance_class":{"sensitive":false,"type":"string","value":"db.t3.micro"},"instance_types":{"sensitive":false,"type":["object",{"large":["tuple",["string"]],"medium":["tuple",["string"]],"small":["tuple",["string","string"]]}],"value":{"large":["t3.large"],"medium":["t3.medium"],"small":["t3.micro","t3.micro"]}},"load_balancer_type":{"sensitive":false,"type":"string","value":"application"},"total_instances":{"sensitive":false,"type":"number","value":4}},"root_module":{"resources":[{"address":"aws_db_instance.demo_db","mode":"managed","type":"aws_db_instance","name":"demo_db","provider_name":"registry.terraform.io/hashicorp/aws","schema_version":2,"values":{"allocated_storage":20,"allow_major_version_upgrade":null,"apply_immediately":false,"auto_minor_version_upgrade":true,"backup_retention_period":7,"backup_window":"03:00-04:00","blue_green_update":[],"copy_tags_to_snapshot":false,"custom_iam_instance_profile":null,"customer_owned_ip_enabled":null,"db_name":"demodb","dedicated_log_volume":false,"delete_automated_backups":true,"deletion_protection":null,"domain":null,"domain_auth_secret_arn":null,"domain_dns_ips":null,"domain_iam_role_name":null,"domain_ou":null,"enabled_cloudwatch_logs_exports":null,"engine":"mysql","engine_version":"8.0","final_snapshot_identifier":null,"iam_database_authentication_enabled":null,"identifier":"demo-cost-analysis-db","instance_class":"db.t3.micro","maintenance_window":"sun:04:00-sun:05:00","manage_master_user_password":null,"max_allocated_storage":100,"monitoring_interval":0,"password":"temporarypassword","password_wo":null,"password_wo_version":null,"performance_insights_enabled":false,"publicly_accessible":false,"replicate_source_db":null,"restore_to_point_in_time":[],"s3_import":[],"skip_final_snapshot":true,"storage_encrypted":null,"tags":{"CostCenter":"demo","Environment":"demo","Name":"demo-database"},"tags_all":{"CostCenter":"demo","Environment":"demo","Name":"demo-database"},"timeouts":null,"upgrade_storage_config":null,"username":"admin"},"sensitive_values":{"blue_green_update":[],"listener_endpoint":[],"master_user_secret":[],"password":true,"password_wo":true,"replicas":[],"restore_to_point_in_time":[],"s3_import":[],"tags":{},"tags_all":{},"vpc_security_group_ids":[]}},{"address":"aws_instance.large_instance","mode":"managed","type":"aws_instance","name":"large_instance","provider_name":"registry.terraform.io/hashicorp/aws","schema_version":1,"values":{"ami":"ami-0c02fb55956c7d316","credit_specification":[],"ebs_block_device":[{"delete_on_termination":true,"device_name":"/dev/sda1","iops":3000,"tags":null,"volume_size":100,"volume_type":"gp3"}],"get_password_data":false,"hibernation":null,"instance_type":"t3.large","launch_template":[],"source_dest_check":true,"tags":{"CostCenter":"demo","Environment":"demo","Name":"large-instance"},"tags_all":{"CostCenter":"demo","Environment":"demo","Name":"large-instance"},"timeouts":null,"user_data_replace_on_change":false,"volume_tags":null},"sensitive_values":{"capacity_reservation_specification":[],"cpu_options":[],"credit_specification":[],"ebs_block_device":[{"tags_all":{}}],"enclave_options":[],"ephemeral_block_device":[],"instance_market_options":[],"ipv6_addresses":[],"launch_template":[],"maintenance_options":[],"metadata_options":[],"network_interface":[],"private_dns_name_options":[],"root_block_device":[],"secondary_private_ips":[],"security_groups":[],"tags":{},"tags_all":{},"vpc_security_group_ids":[]}},{"address":"aws_instance.medium_instance[0]","mode":"managed","type":"aws_instance","name":"medium_instance","index":0,"provider_name":"registry.terraform.io/hashicorp/aws","schema_version":1,"values":{"ami":"ami-0c02fb55956c7d316","credit_specification":[],"ebs_block_device":[{"delete_on_termination":true,"device_name":"/dev/sda1","tags":null,"volume_size":50,"volume_type":"gp3"}],"get_password_data":false,"hibernation":null,"instance_type":"t3.medium","launch_template":[],"source_dest_check":true,"tags":{"CostCenter":"demo","Environment":"demo","Name":"medium-instance-1"},"tags_all":{"CostCenter":"demo","Environment":"demo","Name":"medium-instance-1"},"timeouts":null,"user_data_replace_on_change":false,"volume_tags":null},"sensitive_values":{"capacity_reservation_specification":[],"cpu_options":[],"credit_specification":[],"ebs_block_device":[{"tags_all":{}}],"enclave_options":[],"ephemeral_block_device":[],"instance_market_options":[],"ipv6_addresses":[],"launch_template":[],"maintenance_options":[],"metadata_options":[],"network_interface":[],"private_dns_name_options":[],"root_block_device":[],"secondary_private_ips":[],"security_groups":[],"tags":{},"tags_all":{},"vpc_security_group_ids":[]}},{"address":"aws_instance.small_instance[0]","mode":"managed","type":"aws_instance","name":"small_instance","index":0,"provider_name":"registry.terraform.io/hashicorp/aws","schema_version":1,"values":{"ami":"ami-0c02fb55956c7d316","credit_specification":[],"get_password_data":false,"hibernation":null,"instance_type":"t3.micro","launch_template":[],"source_dest_check":true,"tags":{"CostCenter":"demo","Environment":"demo","Name":"small-instance-1"},"tags_all":{"CostCenter":"demo","Environment":"demo","Name":"small-instance-1"},"timeouts":null,"user_data_replace_on_change":false,"volume_tags":null},"sensitive_values":{"capacity_reservation_specification":[],"cpu_options":[],"credit_specification":[],"ebs_block_device":[],"enclave_options":[],"ephemeral_block_device":[],"instance_market_options":[],"ipv6_addresses":[],"launch_template":[],"maintenance_options":[],"metadata_options":[],"network_interface":[],"private_dns_name_options":[],"root_block_device":[],"secondary_private_ips":[],"security_groups":[],"tags":{},"tags_all":{},"vpc_security_group_ids":[]}},{"address":"aws_instance.small_instance[1]","mode":"managed","type":"aws_instance","name":"small_instance","index":1,"provider_name":"registry.terraform.io/hashicorp/aws","schema_version":1,"values":{"ami":"ami-0c02fb55956c7d316","credit_specification":[],"get_password_data":false,"hibernation":null,"instance_type":"t3.micro","launch_template":[],"source_dest_check":true,"tags":{"CostCenter":"demo","Environment":"demo","Name":"small-instance-2"},"tags_all":{"CostCenter":"demo","Environment":"demo","Name":"small-instance-2"},"timeouts":null,"user_data_replace_on_change":false,"volume_tags":null},"sensitive_values":{"capacity_reservation_specification":[],"cpu_options":[],"credit_specification":[],"ebs_block_device":[],"enclave_options":[],"ephemeral_block_device":[],"instance_market_options":[],"ipv6_addresses":[],"launch_template":[],"maintenance_options":[],"metadata_options":[],"network_interface":[],"private_dns_name_options":[],"root_block_device":[],"secondary_private_ips":[],"security_groups":[],"tags":{},"tags_all":{},"vpc_security_group_ids":[]}},{"address":"aws_lb.demo_alb","mode":"managed","type":"aws_lb","name":"demo_alb","provider_name":"registry.terraform.io/hashicorp/aws","schema_version":0,"values":{"access_logs":[],"client_keep_alive":3600,"connection_logs":[],"customer_owned_ipv4_pool":null,"desync_mitigation_mode":"defensive","dns_record_client_routing_policy":null,"drop_invalid_header_fields":false,"enable_cross_zone_load_balancing":null,"enable_deletion_protection":false,"enable_http2":true,"enable_tls_version_and_cipher_suite_headers":false,"enable_waf_fail_open":false,"enable_xff_client_port":false,"enable_zonal_shift":false,"idle_timeout":60,"internal":false,"ipam_pools":[],"load_balancer_type":"application","minimum_load_balancer_capacity":[],"name":"demo-alb","preserve_host_header":false,"subnets":["subnet-05c181a0762a6a4b5","subnet-074233de1800d0620","subnet-07ddb8729cfe2659a","subnet-0dcd89a0493b8588a","subnet-0dd15d675c4ca859c","subnet-0f4cdd608bc85b8d8"],"tags":{"CostCenter":"demo","Environment":"demo","Name":"demo-load-balancer"},"tags_all":{"CostCenter":"demo","Environment":"demo","Name":"demo-load-balancer"},"timeouts":null,"xff_header_processing_mode":"append"},"sensitive_values":{"access_logs":[],"connection_logs":[],"ipam_pools":[],"minimum_load_balancer_capacity":[],"security_groups":[],"subnet_mapping":[],"subnets":[false,false,false,false,false,false],"tags":{},"tags_all":{}}}]}},"resource_changes":[{"address":"aws_db_instance.demo_db","mode":"managed","type":"aws_db_instance","name":"demo_db","provider_name":"registry.terraform.io/hashicorp/aws","change":{"actions":["create"],"before":null,"after":{"allocated_storage":20,"allow_major_version_upgrade":null,"apply_immediately":false,"auto_minor_version_upgrade":true,"backup_retention_period":7,"backup_window":"03:00-04:00","blue_green_update":[],"copy_tags_to_snapshot":false,"custom_iam_instance_profile":null,"customer_owned_ip_enabled":null,"db_name":"demodb","dedicated_log_volume":false,"delete_automated_backups":true,"deletion_protection":null,"domain":null,"domain_auth_secret_arn":null,"domain_dns_ips":null,"domain_iam_role_name":null,"domain_ou":null,"enabled_cloudwatch_logs_exports":null,"engine":"mysql","engine_version":"8.0","final_snapshot_identifier":null,"iam_database_authentication_enabled":null,"identifier":"demo-cost-analysis-db","instance_class":"db.t3.micro","maintenance_window":"sun:04:00-sun:05:00","manage_master_user_password":null,"max_allocated_storage":100,"monitoring_interval":0,"password":"temporarypassword","password_wo":null,"password_wo_version":null,"performance_insights_enabled":false,"publicly_accessible":false,"replicate_source_db":null,"restore_to_point_in_time":[],"s3_import":[],"skip_final_snapshot":true,"storage_encrypted":null,"tags":{"CostCenter":"demo","Environment":"demo","Name":"demo-database"},"tags_all":{"CostCenter":"demo","Environment":"demo","Name":"demo-database"},"timeouts":null,"upgrade_storage_config":null,"username":"admin"},"after_unknown":{"address":true,"arn":true,"availability_zone":true,"backup_target":true,"blue_green_update":[],"ca_cert_identifier":true,"character_set_name":true,"database_insights_mode":true,"db_subnet_group_name":true,"domain_fqdn":true,"endpoint":true,"engine_lifecycle_support":true,"engine_version_actual":true,"hosted_zone_id":true,"id":true,"identifier_prefix":true,"iops":true,"kms_key_id":true,"latest_restorable_time":true,"license_model":true,"listener_endpoint":true,"master_user_secret":true,"master_user_secret_kms_key_id":true,"monitoring_role_arn":true,"multi_az":true,"nchar_character_set_name":true,"network_type":true,"option_group_name":true,"parameter_group_name":true,"performance_insights_kms_key_id":true,"performance_insights_retention_period":true,"port":true,"replica_mode":true,"replicas":true,"resource_id":true,"restore_to_point_in_time":[],"s3_import":[],"snapshot_identifier":true,"status":true,"storage_throughput":true,"storage_type":true,"tags":{},"tags_all":{},"timezone":true,"vpc_security_group_ids":true},"before_sensitive":false,"after_sensitive":{"blue_green_update":[],"listener_endpoint":[],"master_user_secret":[],"password":true,"password_wo":true,"replicas":[],"restore_to_point_in_time":[],"s3_import":[],"tags":{},"tags_all":{},"vpc_security_group_ids":[]}}},{"address":"aws_instance.large_instance","mode":"managed","type":"aws_instance","name":"large_instance","provider_name":"registry.terraform.io/hashicorp/aws","change":{"actions":["create"],"before":null,"after":{"ami":"ami-0c02fb55956c7d316","credit_specification":[],"ebs_block_device":[{"delete_on_termination":true,"device_name":"/dev/sda1","iops":3000,"tags":null,"volume_size":100,"volume_type":"gp3"}],"get_password_data":false,"hibernation":null,"instance_type":"t3.large","launch_template":[],"source_dest_check":true,"tags":{"CostCenter":"demo","Environment":"demo","Name":"large-instance"},"tags_all":{"CostCenter":"demo","Environment":"demo","Name":"large-instance"},"timeouts":null,"user_data_replace_on_change":false,"volume_tags":null},"after_unknown":{"arn":true,"associate_public_ip_address":true,"availability_zone":true,"capacity_reservation_specification":true,"cpu_core_count":true,"cpu_options":true,"cpu_threads_per_core":true,"credit_specification":[],"disable_api_stop":true,"disable_api_termination":true,"ebs_block_device":[{"encrypted":true,"kms_key_id":true,"snapshot_id":true,"tags_all":true,"throughput":true,"volume_id":true}],"ebs_optimized":true,"enable_primary_ipv6":true,"enclave_options":true,"ephemeral_block_device":true,"host_id":true,"host_resource_group_arn":true,"iam_instance_profile":true,"id":true,"instance_initiated_shutdown_behavior":true,"instance_lifecycle":true,"instance_market_options":true,"instance_state":true,"ipv6_address_count":true,"ipv6_addresses":true,"key_name":true,"launch_template":[],"maintenance_options":true,"metadata_options":true,"monitoring":true,"network_interface":true,"outpost_arn":true,"password_data":true,"placement_group":true,"placement_partition_number":true,"primary_network_interface_id":true,"private_dns":true,"private_dns_name_options":true,"private_ip":true,"public_dns":true,"public_ip":true,"root_block_device":true,"secondary_private_ips":true,"security_groups":true,"spot_instance_request_id":true,"subnet_id":true,"tags":{},"tags_all":{},"tenancy":true,"user_data":true,"user_data_base64":true,"vpc_security_group_ids":true},"before_sensitive":false,"after_sensitive":{"capacity_reservation_specification":[],"cpu_options":[],"credit_specification":[],"ebs_block_device":[{"tags_all":{}}],"enclave_options":[],"ephemeral_block_device":[],"instance_market_options":[],"ipv6_addresses":[],"launch_template":[],"maintenance_options":[],"metadata_options":[],"network_interface":[],"private_dns_name_options":[],"root_block_device":[],"secondary_private_ips":[],"security_groups":[],"tags":{},"tags_all":{},"vpc_security_group_ids":[]}}},{"address":"aws_instance.medium_instance[0]","mode":"managed","type":"aws_instance","name":"medium_instance","index":0,"provider_name":"registry.terraform.io/hashicorp/aws","change":{"actions":["create"],"before":null,"after":{"ami":"ami-0c02fb55956c7d316","credit_specification":[],"ebs_block_device":[{"delete_on_termination":true,"device_name":"/dev/sda1","tags":null,"volume_size":50,"volume_type":"gp3"}],"get_password_data":false,"hibernation":null,"instance_type":"t3.medium","launch_template":[],"source_dest_check":true,"tags":{"CostCenter":"demo","Environment":"demo","Name":"medium-instance-1"},"tags_all":{"CostCenter":"demo","Environment":"demo","Name":"medium-instance-1"},"timeouts":null,"user_data_replace_on_change":false,"volume_tags":null},"after_unknown":{"arn":true,"associate_public_ip_address":true,"availability_zone":true,"capacity_reservation_specification":true,"cpu_core_count":true,"cpu_options":true,"cpu_threads_per_core":true,"credit_specification":[],"disable_api_stop":true,"disable_api_termination":true,"ebs_block_device":[{"encrypted":true,"iops":true,"kms_key_id":true,"snapshot_id":true,"tags_all":true,"throughput":true,"volume_id":true}],"ebs_optimized":true,"enable_primary_ipv6":true,"enclave_options":true,"ephemeral_block_device":true,"host_id":true,"host_resource_group_arn":true,"iam_instance_profile":true,"id":true,"instance_initiated_shutdown_behavior":true,"instance_lifecycle":true,"instance_market_options":true,"instance_state":true,"ipv6_address_count":true,"ipv6_addresses":true,"key_name":true,"launch_template":[],"maintenance_options":true,"metadata_options":true,"monitoring":true,"network_interface":true,"outpost_arn":true,"password_data":true,"placement_group":true,"placement_partition_number":true,"primary_network_interface_id":true,"private_dns":true,"private_dns_name_options":true,"private_ip":true,"public_dns":true,"public_ip":true,"root_block_device":true,"secondary_private_ips":true,"security_groups":true,"spot_instance_request_id":true,"subnet_id":true,"tags":{},"tags_all":{},"tenancy":true,"user_data":true,"user_data_base64":true,"vpc_security_group_ids":true},"before_sensitive":false,"after_sensitive":{"capacity_reservation_specification":[],"cpu_options":[],"credit_specification":[],"ebs_block_device":[{"tags_all":{}}],"enclave_options":[],"ephemeral_block_device":[],"instance_market_options":[],"ipv6_addresses":[],"launch_template":[],"maintenance_options":[],"metadata_options":[],"network_interface":[],"private_dns_name_options":[],"root_block_device":[],"secondary_private_ips":[],"security_groups":[],"tags":{},"tags_all":{},"vpc_security_group_ids":[]}}},{"address":"aws_instance.small_instance[0]","mode":"managed","type":"aws_instance","name":"small_instance","index":0,"provider_name":"registry.terraform.io/hashicorp/aws","change":{"actions":["create"],"before":null,"after":{"ami":"ami-0c02fb55956c7d316","credit_specification":[],"get_password_data":false,"hibernation":null,"instance_type":"t3.micro","launch_template":[],"source_dest_check":true,"tags":{"CostCenter":"demo","Environment":"demo","Name":"small-instance-1"},"tags_all":{"CostCenter":"demo","Environment":"demo","Name":"small-instance-1"},"timeouts":null,"user_data_replace_on_change":false,"volume_tags":null},"after_unknown":{"arn":true,"associate_public_ip_address":true,"availability_zone":true,"capacity_reservation_specification":true,"cpu_core_count":true,"cpu_options":true,"cpu_threads_per_core":true,"credit_specification":[],"disable_api_stop":true,"disable_api_termination":true,"ebs_block_device":true,"ebs_optimized":true,"enable_primary_ipv6":true,"enclave_options":true,"ephemeral_block_device":true,"host_id":true,"host_resource_group_arn":true,"iam_instance_profile":true,"id":true,"instance_initiated_shutdown_behavior":true,"instance_lifecycle":true,"instance_market_options":true,"instance_state":true,"ipv6_address_count":true,"ipv6_addresses":true,"key_name":true,"launch_template":[],"maintenance_options":true,"metadata_options":true,"monitoring":true,"network_interface":true,"outpost_arn":true,"password_data":true,"placement_group":true,"placement_partition_number":true,"primary_network_interface_id":true,"private_dns":true,"private_dns_name_options":true,"private_ip":true,"public_dns":true,"public_ip":true,"root_block_device":true,"secondary_private_ips":true,"security_groups":true,"spot_instance_request_id":true,"subnet_id":true,"tags":{},"tags_all":{},"tenancy":true,"user_data":true,"user_data_base64":true,"vpc_security_group_ids":true},"before_sensitive":false,"after_sensitive":{"capacity_reservation_specification":[],"cpu_options":[],"credit_specification":[],"ebs_block_device":[],"enclave_options":[],"ephemeral_block_device":[],"instance_market_options":[],"ipv6_addresses":[],"launch_template":[],"maintenance_options":[],"metadata_options":[],"network_interface":[],"private_dns_name_options":[],"root_block_device":[],"secondary_private_ips":[],"security_groups":[],"tags":{},"tags_all":{},"vpc_security_group_ids":[]}}},{"address":"aws_instance.small_instance[1]","mode":"managed","type":"aws_instance","name":"small_instance","index":1,"provider_name":"registry.terraform.io/hashicorp/aws","change":{"actions":["create"],"before":null,"after":{"ami":"ami-0c02fb55956c7d316","credit_specification":[],"get_password_data":false,"hibernation":null,"instance_type":"t3.micro","launch_template":[],"source_dest_check":true,"tags":{"CostCenter":"demo","Environment":"demo","Name":"small-instance-2"},"tags_all":{"CostCenter":"demo","Environment":"demo","Name":"small-instance-2"},"timeouts":null,"user_data_replace_on_change":false,"volume_tags":null},"after_unknown":{"arn":true,"associate_public_ip_address":true,"availability_zone":true,"capacity_reservation_specification":true,"cpu_core_count":true,"cpu_options":true,"cpu_threads_per_core":true,"credit_specification":[],"disable_api_stop":true,"disable_api_termination":true,"ebs_block_device":true,"ebs_optimized":true,"enable_primary_ipv6":true,"enclave_options":true,"ephemeral_block_device":true,"host_id":true,"host_resource_group_arn":true,"iam_instance_profile":true,"id":true,"instance_initiated_shutdown_behavior":true,"instance_lifecycle":true,"instance_market_options":true,"instance_state":true,"ipv6_address_count":true,"ipv6_addresses":true,"key_name":true,"launch_template":[],"maintenance_options":true,"metadata_options":true,"monitoring":true,"network_interface":true,"outpost_arn":true,"password_data":true,"placement_group":true,"placement_partition_number":true,"primary_network_interface_id":true,"private_dns":true,"private_dns_name_options":true,"private_ip":true,"public_dns":true,"public_ip":true,"root_block_device":true,"secondary_private_ips":true,"security_groups":true,"spot_instance_request_id":true,"subnet_id":true,"tags":{},"tags_all":{},"tenancy":true,"user_data":true,"user_data_base64":true,"vpc_security_group_ids":true},"before_sensitive":false,"after_sensitive":{"capacity_reservation_specification":[],"cpu_options":[],"credit_specification":[],"ebs_block_device":[],"enclave_options":[],"ephemeral_block_device":[],"instance_market_options":[],"ipv6_addresses":[],"launch_template":[],"maintenance_options":[],"metadata_options":[],"network_interface":[],"private_dns_name_options":[],"root_block_device":[],"secondary_private_ips":[],"security_groups":[],"tags":{},"tags_all":{},"vpc_security_group_ids":[]}}},{"address":"aws_lb.demo_alb","mode":"managed","type":"aws_lb","name":"demo_alb","provider_name":"registry.terraform.io/hashicorp/aws","change":{"actions":["create"],"before":null,"after":{"access_logs":[],"client_keep_alive":3600,"connection_logs":[],"customer_owned_ipv4_pool":null,"desync_mitigation_mode":"defensive","dns_record_client_routing_policy":null,"drop_invalid_header_fields":false,"enable_cross_zone_load_balancing":null,"enable_deletion_protection":false,"enable_http2":true,"enable_tls_version_and_cipher_suite_headers":false,"enable_waf_fail_open":false,"enable_xff_client_port":false,"enable_zonal_shift":false,"idle_timeout":60,"internal":false,"ipam_pools":[],"load_balancer_type":"application","minimum_load_balancer_capacity":[],"name":"demo-alb","preserve_host_header":false,"subnets":["subnet-05c181a0762a6a4b5","subnet-074233de1800d0620","subnet-07ddb8729cfe2659a","subnet-0dcd89a0493b8588a","subnet-0dd15d675c4ca859c","subnet-0f4cdd608bc85b8d8"],"tags":{"CostCenter":"demo","Environment":"demo","Name":"demo-load-balancer"},"tags_all":{"CostCenter":"demo","Environment":"demo","Name":"demo-load-balancer"},"timeouts":null,"xff_header_processing_mode":"append"},"after_unknown":{"access_logs":[],"arn":true,"arn_suffix":true,"connection_logs":[],"dns_name":true,"enforce_security_group_inbound_rules_on_private_link_traffic":true,"id":true,"ip_address_type":true,"ipam_pools":[],"minimum_load_balancer_capacity":[],"name_prefix":true,"security_groups":true,"subnet_mapping":true,"subnets":[false,false,false,false,false,false],"tags":{},"tags_all":{},"vpc_id":true,"zone_id":true},"before_sensitive":false,"after_sensitive":{"access_logs":[],"connection_logs":[],"ipam_pools":[],"minimum_load_balancer_capacity":[],"security_groups":[],"subnet_mapping":[],"subnets":[false,false,false,false,false,false],"tags":{},"tags_all":{}}}}],"output_changes":{"database_instance_class":{"actions":["create"],"before":null,"after":"db.t3.micro","after_unknown":false,"before_sensitive":false,"after_sensitive":false},"instance_types":{"actions":["create"],"before":null,"after":{"large":["t3.large"],"medium":["t3.medium"],"small":["t3.micro","t3.micro"]},"after_unknown":false,"before_sensitive":false,"after_sensitive":false},"load_balancer_type":{"actions":["create"],"before":null,"after":"application","after_unknown":false,"before_sensitive":false,"after_sensitive":false},"total_instances":{"actions":["create"],"before":null,"after":4,"after_unknown":false,"before_sensitive":false,"after_sensitive":false}},"prior_state":{"format_version":"1.0","terraform_version":"1.12.2","values":{"outputs":{"database_instance_class":{"sensitive":false,"value":"db.t3.micro","type":"string"},"instance_types":{"sensitive":false,"value":{"large":["t3.large"],"medium":["t3.medium"],"small":["t3.micro","t3.micro"]},"type":["object",{"large":["tuple",["string"]],"medium":["tuple",["string"]],"small":["tuple",["string","string"]]}]},"load_balancer_type":{"sensitive":false,"value":"application","type":"string"},"total_instances":{"sensitive":false,"value":4,"type":"number"}},"root_module":{"resources":[{"address":"data.aws_subnets.default","mode":"data","type":"aws_subnets","name":"default","provider_name":"registry.terraform.io/hashicorp/aws","schema_version":0,"values":{"filter":[{"name":"vpc-id","values":["vpc-0f9791fd38436aeb7"]}],"id":"us-east-1","ids":["subnet-05c181a0762a6a4b5","subnet-074233de1800d0620","subnet-0dcd89a0493b8588a","subnet-07ddb8729cfe2659a","subnet-0f4cdd608bc85b8d8","subnet-0dd15d675c4ca859c"],"tags":null,"timeouts":null},"sensitive_values":{"filter":[{"values":[false]}],"ids":[false,false,false,false,false,false]}},{"address":"data.aws_vpc.default","mode":"data","type":"aws_vpc","name":"default","provider_name":"registry.terraform.io/hashicorp/aws","schema_version":0,"values":{"arn":"arn:aws:ec2:us-east-1:331483783918:vpc/vpc-0f9791fd38436aeb7","cidr_block":"172.31.0.0/16","cidr_block_associations":[{"association_id":"vpc-cidr-assoc-09470a1a99b9aabf9","cidr_block":"172.31.0.0/16","state":"associated"}],"default":true,"dhcp_options_id":"dopt-0a13e3b6103130cf3","enable_dns_hostnames":true,"enable_dns_support":true,"enable_network_address_usage_metrics":false,"filter":null,"id":"vpc-0f9791fd38436aeb7","instance_tenancy":"default","ipv6_association_id":"","ipv6_cidr_block":"","main_route_table_id":"rtb-0df2a679d915cc1df","owner_id":"331483783918","state":null,"tags":{},"timeouts":null},"sensitive_values":{"cidr_block_associations":[{}],"tags":{}}}]}}},"configuration":{"provider_config":{"aws":{"name":"aws","full_name":"registry.terraform.io/hashicorp/aws","version_constraint":"~\u003e 5.0","expressions":{"region":{"references":["var.aws_region"]}}}},"root_module":{"outputs":{"database_instance_class":{"expression":{"references":["aws_db_instance.demo_db.instance_class","aws_db_instance.demo_db"]}},"instance_types":{"expression":{"references":["aws_instance.small_instance","aws_instance.medium_instance","aws_instance.large_instance.instance_type","aws_instance.large_instance"]}},"load_balancer_type":{"expression":{"references":["aws_lb.demo_alb.load_balancer_type","aws_lb.demo_alb"]}},"total_instances":{"expression":{"references":["aws_instance.small_instance","aws_instance.medium_instance"]}}},"resources":[{"address":"aws_db_instance.demo_db","mode":"managed","type":"aws_db_instance","name":"demo_db","provider_config_key":"aws","expressions":{"allocated_storage":{"constant_value":20},"backup_retention_period":{"constant_value":7},"backup_window":{"constant_value":"03:00-04:00"},"db_name":{"constant_value":"demodb"},"engine":{"constant_value":"mysql"},"engine_version":{"constant_value":"8.0"},"identifier":{"constant_value":"demo-cost-analysis-db"},"instance_class":{"constant_value":"db.t3.micro"},"maintenance_window":{"constant_value":"sun:04:00-sun:05:00"},"max_allocated_storage":{"constant_value":100},"password":{"constant_value":"temporarypassword"},"skip_final_snapshot":{"constant_value":true},"tags":{"references":["var.environment"]},"username":{"constant_value":"admin"}},"schema_version":2},{"address":"aws_instance.large_instance","mode":"managed","type":"aws_instance","name":"large_instance","provider_config_key":"aws","expressions":{"ami":{"constant_value":"ami-0c02fb55956c7d316"},"ebs_block_device":[{"device_name":{"constant_value":"/dev/sda1"},"iops":{"constant_value":3000},"volume_size":{"constant_value":100},"volume_type":{"constant_value":"gp3"}}],"instance_type":{"constant_value":"t3.large"},"tags":{"references":["var.environment"]}},"schema_version":1},{"address":"aws_instance.medium_instance","mode":"managed","type":"aws_instance","name":"medium_instance","provider_config_key":"aws","expressions":{"ami":{"constant_value":"ami-0c02fb55956c7d316"},"ebs_block_device":[{"device_name":{"constant_value":"/dev/sda1"},"volume_size":{"constant_value":50},"volume_type":{"constant_value":"gp3"}}],"instance_type":{"constant_value":"t3.medium"},"tags":{"references":["count.index","var.environment"]}},"schema_version":1,"count_expression":{"constant_value":1}},{"address":"aws_instance.small_instance","mode":"managed","type":"aws_instance","name":"small_instance","provider_config_key":"aws","expressions":{"ami":{"constant_value":"ami-0c02fb55956c7d316"},"instance_type":{"constant_value":"t3.micro"},"tags":{"references":["count.index","var.environment"]}},"schema_version":1,"count_expression":{"constant_value":2}},{"address":"aws_lb.demo_alb","mode":"managed","type":"aws_lb","name":"demo_alb","provider_config_key":"aws","expressions":{"internal":{"constant_value":false},"load_balancer_type":{"constant_value":"application"},"name":{"constant_value":"demo-alb"},"subnets":{"references":["data.aws_subnets.default.ids","data.aws_subnets.default"]},"tags":{"references":["var.environment"]}},"schema_version":0},{"address":"data.aws_subnets.default","mode":"data","type":"aws_subnets","name":"default","provider_config_key":"aws","expressions":{"filter":[{"name":{"constant_value":"vpc-id"},"values":{"references":["data.aws_vpc.default.id","data.aws_vpc.default"]}}]},"schema_version":0},{"address":"data.aws_vpc.default","mode":"data","type":"aws_vpc","name":"default","provider_config_key":"aws","expressions":{"default":{"constant_value":true}},"schema_version":0}],"variables":{"aws_region":{"default":"us-east-1","description":"AWS region for cost analysis"},"environment":{"default":"demo","description":"Environment name"}}}},"relevant_attributes":[{"resource":"data.aws_subnets.default","attribute":["ids"]},{"resource":"aws_lb.demo_alb","attribute":["load_balancer_type"]},{"resource":"aws_db_instance.demo_db","attribute":["instance_class"]},{"resource":"aws_instance.large_instance","attribute":["instance_type"]},{"resource":"aws_instance.medium_instance","attribute":[]},{"resource":"aws_instance.small_instance","attribute":[]}],"timestamp":"2025-08-22T21:45:05Z","applyable":true,"complete":true,"errored":false}
