{"format_version":"1.2","terraform_version":"1.12.2","variables":{"ami_id":{"value":"ami-0c02fb55956c7d316"},"aws_region":{"value":"us-east-1"},"db_instance_class":{"value":"db.t3.micro"},"environment":{"value":"dev"},"instance_type":{"value":"t3.medium"},"project_name":{"value":"ship-test"},"root_volume_size":{"value":30}},"planned_values":{"outputs":{"db_instance_address":{"sensitive":false},"db_instance_endpoint":{"sensitive":false},"db_instance_port":{"sensitive":false},"instance_id":{"sensitive":false},"instance_private_ip":{"sensitive":false},"instance_public_ip":{"sensitive":false},"s3_bucket_arn":{"sensitive":false},"s3_bucket_name":{"sensitive":false}},"root_module":{"resources":[{"address":"aws_db_instance.example","mode":"managed","type":"aws_db_instance","name":"example","provider_name":"registry.terraform.io/hashicorp/aws","schema_version":2,"values":{"allocated_storage":20,"allow_major_version_upgrade":null,"apply_immediately":false,"auto_minor_version_upgrade":true,"backup_retention_period":7,"backup_window":"03:00-04:00","blue_green_update":[],"copy_tags_to_snapshot":false,"custom_iam_instance_profile":null,"customer_owned_ip_enabled":null,"db_name":"exampledb","dedicated_log_volume":false,"delete_automated_backups":true,"deletion_protection":null,"domain":null,"domain_auth_secret_arn":null,"domain_dns_ips":null,"domain_iam_role_name":null,"domain_ou":null,"enabled_cloudwatch_logs_exports":null,"engine":"postgres","engine_version":"15.3","final_snapshot_identifier":null,"iam_database_authentication_enabled":null,"identifier":"ship-test-db","instance_class":"db.t3.micro","maintenance_window":"sun:04:00-sun:05:00","manage_master_user_password":null,"max_allocated_storage":100,"monitoring_interval":0,"password":"changeme123!","password_wo":null,"password_wo_version":null,"performance_insights_enabled":false,"publicly_accessible":false,"replicate_source_db":null,"restore_to_point_in_time":[],"s3_import":[],"skip_final_snapshot":true,"storage_encrypted":false,"tags":{"Environment":"dev","Name":"ship-test-db"},"tags_all":{"Environment":"dev","Name":"ship-test-db"},"timeouts":null,"upgrade_storage_config":null,"username":"dbadmin"},"sensitive_values":{"blue_green_update":[],"listener_endpoint":[],"master_user_secret":[],"password":true,"password_wo":true,"replicas":[],"restore_to_point_in_time":[],"s3_import":[],"tags":{},"tags_all":{},"vpc_security_group_ids":[]}},{"address":"aws_instance.example","mode":"managed","type":"aws_instance","name":"example","provider_name":"registry.terraform.io/hashicorp/aws","schema_version":1,"values":{"ami":"ami-0c02fb55956c7d316","credit_specification":[],"get_password_data":false,"hibernation":null,"instance_type":"t3.medium","launch_template":[],"root_block_device":[{"delete_on_termination":true,"encrypted":true,"tags":null,"volume_size":30,"volume_type":"gp3"}],"source_dest_check":true,"tags":{"Environment":"dev","ManagedBy":"terraform","Name":"ship-test-instance"},"tags_all":{"Environment":"dev","ManagedBy":"terraform","Name":"ship-test-instance"},"timeouts":null,"user_data":"1e61386f4bc2bb2b65ca4bbb1b20ed010c0d0c43","user_data_replace_on_change":false,"volume_tags":null},"sensitive_values":{"capacity_reservation_specification":[],"cpu_options":[],"credit_specification":[],"ebs_block_device":[],"enclave_options":[],"ephemeral_block_device":[],"instance_market_options":[],"ipv6_addresses":[],"launch_template":[],"maintenance_options":[],"metadata_options":[],"network_interface":[],"private_dns_name_options":[],"root_block_device":[{"tags_all":{}}],"secondary_private_ips":[],"security_groups":[],"tags":{},"tags_all":{},"vpc_security_group_ids":[]}},{"address":"aws_s3_bucket.example","mode":"managed","type":"aws_s3_bucket","name":"example","provider_name":"registry.terraform.io/hashicorp/aws","schema_version":0,"values":{"bucket":"ship-test-dev-bucket","force_destroy":false,"tags":{"Environment":"dev","Name":"ship-test-bucket"},"tags_all":{"Environment":"dev","Name":"ship-test-bucket"},"timeouts":null},"sensitive_values":{"cors_rule":[],"grant":[],"lifecycle_rule":[],"logging":[],"object_lock_configuration":[],"replication_configuration":[],"server_side_encryption_configuration":[],"tags":{},"tags_all":{},"versioning":[],"website":[]}},{"address":"aws_s3_bucket_acl.example","mode":"managed","type":"aws_s3_bucket_acl","name":"example","provider_name":"registry.terraform.io/hashicorp/aws","schema_version":0,"values":{"acl":"public-read","expected_bucket_owner":null},"sensitive_values":{"access_control_policy":[]}},{"address":"aws_security_group.db","mode":"managed","type":"aws_security_group","name":"db","provider_name":"registry.terraform.io/hashicorp/aws","schema_version":1,"values":{"description":"Security group for RDS instance","egress":[{"cidr_blocks":["0.0.0.0/0"],"description":"","from_port":0,"ipv6_cidr_blocks":[],"prefix_list_ids":[],"protocol":"-1","security_groups":[],"self":false,"to_port":0}],"ingress":[{"cidr_blocks":["0.0.0.0/0"],"description":"","from_port":5432,"ipv6_cidr_blocks":[],"prefix_list_ids":[],"protocol":"tcp","security_groups":[],"self":false,"to_port":5432}],"name":"ship-test-db-sg","revoke_rules_on_delete":false,"tags":{"Name":"ship-test-db-sg"},"tags_all":{"Name":"ship-test-db-sg"},"timeouts":null},"sensitive_values":{"egress":[{"cidr_blocks":[false],"ipv6_cidr_blocks":[],"prefix_list_ids":[],"security_groups":[]}],"ingress":[{"cidr_blocks":[false],"ipv6_cidr_blocks":[],"prefix_list_ids":[],"security_groups":[]}],"tags":{},"tags_all":{}}}]}},"resource_changes":[{"address":"aws_db_instance.example","mode":"managed","type":"aws_db_instance","name":"example","provider_name":"registry.terraform.io/hashicorp/aws","change":{"actions":["create"],"before":null,"after":{"allocated_storage":20,"allow_major_version_upgrade":null,"apply_immediately":false,"auto_minor_version_upgrade":true,"backup_retention_period":7,"backup_window":"03:00-04:00","blue_green_update":[],"copy_tags_to_snapshot":false,"custom_iam_instance_profile":null,"customer_owned_ip_enabled":null,"db_name":"exampledb","dedicated_log_volume":false,"delete_automated_backups":true,"deletion_protection":null,"domain":null,"domain_auth_secret_arn":null,"domain_dns_ips":null,"domain_iam_role_name":null,"domain_ou":null,"enabled_cloudwatch_logs_exports":null,"engine":"postgres","engine_version":"15.3","final_snapshot_identifier":null,"iam_database_authentication_enabled":null,"identifier":"ship-test-db","instance_class":"db.t3.micro","maintenance_window":"sun:04:00-sun:05:00","manage_master_user_password":null,"max_allocated_storage":100,"monitoring_interval":0,"password":"changeme123!","password_wo":null,"password_wo_version":null,"performance_insights_enabled":false,"publicly_accessible":false,"replicate_source_db":null,"restore_to_point_in_time":[],"s3_import":[],"skip_final_snapshot":true,"storage_encrypted":false,"tags":{"Environment":"dev","Name":"ship-test-db"},"tags_all":{"Environment":"dev","Name":"ship-test-db"},"timeouts":null,"upgrade_storage_config":null,"username":"dbadmin"},"after_unknown":{"address":true,"arn":true,"availability_zone":true,"backup_target":true,"blue_green_update":[],"ca_cert_identifier":true,"character_set_name":true,"database_insights_mode":true,"db_subnet_group_name":true,"domain_fqdn":true,"endpoint":true,"engine_lifecycle_support":true,"engine_version_actual":true,"hosted_zone_id":true,"id":true,"identifier_prefix":true,"iops":true,"kms_key_id":true,"latest_restorable_time":true,"license_model":true,"listener_endpoint":true,"master_user_secret":true,"master_user_secret_kms_key_id":true,"monitoring_role_arn":true,"multi_az":true,"nchar_character_set_name":true,"network_type":true,"option_group_name":true,"parameter_group_name":true,"performance_insights_kms_key_id":true,"performance_insights_retention_period":true,"port":true,"replica_mode":true,"replicas":true,"resource_id":true,"restore_to_point_in_time":[],"s3_import":[],"snapshot_identifier":true,"status":true,"storage_throughput":true,"storage_type":true,"tags":{},"tags_all":{},"timezone":true,"vpc_security_group_ids":true},"before_sensitive":false,"after_sensitive":{"blue_green_update":[],"listener_endpoint":[],"master_user_secret":[],"password":true,"password_wo":true,"replicas":[],"restore_to_point_in_time":[],"s3_import":[],"tags":{},"tags_all":{},"vpc_security_group_ids":[]}}},{"address":"aws_instance.example","mode":"managed","type":"aws_instance","name":"example","provider_name":"registry.terraform.io/hashicorp/aws","change":{"actions":["create"],"before":null,"after":{"ami":"ami-0c02fb55956c7d316","credit_specification":[],"get_password_data":false,"hibernation":null,"instance_type":"t3.medium","launch_template":[],"root_block_device":[{"delete_on_termination":true,"encrypted":true,"tags":null,"volume_size":30,"volume_type":"gp3"}],"source_dest_check":true,"tags":{"Environment":"dev","ManagedBy":"terraform","Name":"ship-test-instance"},"tags_all":{"Environment":"dev","ManagedBy":"terraform","Name":"ship-test-instance"},"timeouts":null,"user_data":"1e61386f4bc2bb2b65ca4bbb1b20ed010c0d0c43","user_data_replace_on_change":false,"volume_tags":null},"after_unknown":{"arn":true,"associate_public_ip_address":true,"availability_zone":true,"capacity_reservation_specification":true,"cpu_core_count":true,"cpu_options":true,"cpu_threads_per_core":true,"credit_specification":[],"disable_api_stop":true,"disable_api_termination":true,"ebs_block_device":true,"ebs_optimized":true,"enable_primary_ipv6":true,"enclave_options":true,"ephemeral_block_device":true,"host_id":true,"host_resource_group_arn":true,"iam_instance_profile":true,"id":true,"instance_initiated_shutdown_behavior":true,"instance_lifecycle":true,"instance_market_options":true,"instance_state":true,"ipv6_address_count":true,"ipv6_addresses":true,"key_name":true,"launch_template":[],"maintenance_options":true,"metadata_options":true,"monitoring":true,"network_interface":true,"outpost_arn":true,"password_data":true,"placement_group":true,"placement_partition_number":true,"primary_network_interface_id":true,"private_dns":true,"private_dns_name_options":true,"private_ip":true,"public_dns":true,"public_ip":true,"root_block_device":[{"device_name":true,"iops":true,"kms_key_id":true,"tags_all":true,"throughput":true,"volume_id":true}],"secondary_private_ips":true,"security_groups":true,"spot_instance_request_id":true,"subnet_id":true,"tags":{},"tags_all":{},"tenancy":true,"user_data_base64":true,"vpc_security_group_ids":true},"before_sensitive":false,"after_sensitive":{"capacity_reservation_specification":[],"cpu_options":[],"credit_specification":[],"ebs_block_device":[],"enclave_options":[],"ephemeral_block_device":[],"instance_market_options":[],"ipv6_addresses":[],"launch_template":[],"maintenance_options":[],"metadata_options":[],"network_interface":[],"private_dns_name_options":[],"root_block_device":[{"tags_all":{}}],"secondary_private_ips":[],"security_groups":[],"tags":{},"tags_all":{},"vpc_security_group_ids":[]}}},{"address":"aws_s3_bucket.example","mode":"managed","type":"aws_s3_bucket","name":"example","provider_name":"registry.terraform.io/hashicorp/aws","change":{"actions":["create"],"before":null,"after":{"bucket":"ship-test-dev-bucket","force_destroy":false,"tags":{"Environment":"dev","Name":"ship-test-bucket"},"tags_all":{"Environment":"dev","Name":"ship-test-bucket"},"timeouts":null},"after_unknown":{"acceleration_status":true,"acl":true,"arn":true,"bucket_domain_name":true,"bucket_prefix":true,"bucket_regional_domain_name":true,"cors_rule":true,"grant":true,"hosted_zone_id":true,"id":true,"lifecycle_rule":true,"logging":true,"object_lock_configuration":true,"object_lock_enabled":true,"policy":true,"region":true,"replication_configuration":true,"request_payer":true,"server_side_encryption_configuration":true,"tags":{},"tags_all":{},"versioning":true,"website":true,"website_domain":true,"website_endpoint":true},"before_sensitive":false,"after_sensitive":{"cors_rule":[],"grant":[],"lifecycle_rule":[],"logging":[],"object_lock_configuration":[],"replication_configuration":[],"server_side_encryption_configuration":[],"tags":{},"tags_all":{},"versioning":[],"website":[]}}},{"address":"aws_s3_bucket_acl.example","mode":"managed","type":"aws_s3_bucket_acl","name":"example","provider_name":"registry.terraform.io/hashicorp/aws","change":{"actions":["create"],"before":null,"after":{"acl":"public-read","expected_bucket_owner":null},"after_unknown":{"access_control_policy":true,"bucket":true,"id":true},"before_sensitive":false,"after_sensitive":{"access_control_policy":[]}}},{"address":"aws_security_group.db","mode":"managed","type":"aws_security_group","name":"db","provider_name":"registry.terraform.io/hashicorp/aws","change":{"actions":["create"],"before":null,"after":{"description":"Security group for RDS instance","egress":[{"cidr_blocks":["0.0.0.0/0"],"description":"","from_port":0,"ipv6_cidr_blocks":[],"prefix_list_ids":[],"protocol":"-1","security_groups":[],"self":false,"to_port":0}],"ingress":[{"cidr_blocks":["0.0.0.0/0"],"description":"","from_port":5432,"ipv6_cidr_blocks":[],"prefix_list_ids":[],"protocol":"tcp","security_groups":[],"self":false,"to_port":5432}],"name":"ship-test-db-sg","revoke_rules_on_delete":false,"tags":{"Name":"ship-test-db-sg"},"tags_all":{"Name":"ship-test-db-sg"},"timeouts":null},"after_unknown":{"arn":true,"egress":[{"cidr_blocks":[false],"ipv6_cidr_blocks":[],"prefix_list_ids":[],"security_groups":[]}],"id":true,"ingress":[{"cidr_blocks":[false],"ipv6_cidr_blocks":[],"prefix_list_ids":[],"security_groups":[]}],"name_prefix":true,"owner_id":true,"tags":{},"tags_all":{},"vpc_id":true},"before_sensitive":false,"after_sensitive":{"egress":[{"cidr_blocks":[false],"ipv6_cidr_blocks":[],"prefix_list_ids":[],"security_groups":[]}],"ingress":[{"cidr_blocks":[false],"ipv6_cidr_blocks":[],"prefix_list_ids":[],"security_groups":[]}],"tags":{},"tags_all":{}}}}],"output_changes":{"db_instance_address":{"actions":["create"],"before":null,"after_unknown":true,"before_sensitive":false,"after_sensitive":false},"db_instance_endpoint":{"actions":["create"],"before":null,"after_unknown":true,"before_sensitive":false,"after_sensitive":false},"db_instance_port":{"actions":["create"],"before":null,"after_unknown":true,"before_sensitive":false,"after_sensitive":false},"instance_id":{"actions":["create"],"before":null,"after_unknown":true,"before_sensitive":false,"after_sensitive":false},"instance_private_ip":{"actions":["create"],"before":null,"after_unknown":true,"before_sensitive":false,"after_sensitive":false},"instance_public_ip":{"actions":["create"],"before":null,"after_unknown":true,"before_sensitive":false,"after_sensitive":false},"s3_bucket_arn":{"actions":["create"],"before":null,"after_unknown":true,"before_sensitive":false,"after_sensitive":false},"s3_bucket_name":{"actions":["create"],"before":null,"after_unknown":true,"before_sensitive":false,"after_sensitive":false}},"configuration":{"provider_config":{"aws":{"name":"aws","full_name":"registry.terraform.io/hashicorp/aws","version_constraint":"~\u003e 5.0","expressions":{"region":{"references":["var.aws_region"]}}}},"root_module":{"outputs":{"db_instance_address":{"expression":{"references":["aws_db_instance.example.address","aws_db_instance.example"]},"description":"Address of the RDS instance"},"db_instance_endpoint":{"expression":{"references":["aws_db_instance.example.endpoint","aws_db_instance.example"]},"description":"Connection endpoint for the RDS instance"},"db_instance_port":{"expression":{"references":["aws_db_instance.example.port","aws_db_instance.example"]},"description":"Port of the RDS instance"},"instance_id":{"expression":{"references":["aws_instance.example.id","aws_instance.example"]},"description":"ID of the EC2 instance"},"instance_private_ip":{"expression":{"references":["aws_instance.example.private_ip","aws_instance.example"]},"description":"Private IP address of the EC2 instance"},"instance_public_ip":{"expression":{"references":["aws_instance.example.public_ip","aws_instance.example"]},"description":"Public IP address of the EC2 instance"},"s3_bucket_arn":{"expression":{"references":["aws_s3_bucket.example.arn","aws_s3_bucket.example"]},"description":"ARN of the S3 bucket"},"s3_bucket_name":{"expression":{"references":["aws_s3_bucket.example.id","aws_s3_bucket.example"]},"description":"Name of the S3 bucket"}},"resources":[{"address":"aws_db_instance.example","mode":"managed","type":"aws_db_instance","name":"example","provider_config_key":"aws","expressions":{"allocated_storage":{"constant_value":20},"backup_retention_period":{"constant_value":7},"backup_window":{"constant_value":"03:00-04:00"},"db_name":{"constant_value":"exampledb"},"engine":{"constant_value":"postgres"},"engine_version":{"constant_value":"15.3"},"identifier":{"references":["var.project_name"]},"instance_class":{"references":["var.db_instance_class"]},"maintenance_window":{"constant_value":"sun:04:00-sun:05:00"},"max_allocated_storage":{"constant_value":100},"password":{"constant_value":"changeme123!"},"skip_final_snapshot":{"constant_value":true},"storage_encrypted":{"constant_value":false},"tags":{"references":["var.project_name","var.environment"]},"username":{"constant_value":"dbadmin"},"vpc_security_group_ids":{"references":["aws_security_group.db.id","aws_security_group.db"]}},"schema_version":2},{"address":"aws_instance.example","mode":"managed","type":"aws_instance","name":"example","provider_config_key":"aws","expressions":{"ami":{"references":["var.ami_id"]},"instance_type":{"references":["var.instance_type"]},"root_block_device":[{"encrypted":{"constant_value":true},"volume_size":{"references":["var.root_volume_size"]},"volume_type":{"constant_value":"gp3"}}],"tags":{"references":["var.project_name","var.environment"]},"user_data":{"constant_value":"#!/bin/bash\nexport AWS_ACCESS_KEY_ID=\"AKIAIOSFODNN7EXAMPLE\"\nexport AWS_SECRET_ACCESS_KEY=\"wJalrXUtnFEMI/K7MDENG/bPxRfiCYEXAMPLEKEY\"\n"}},"schema_version":1},{"address":"aws_s3_bucket.example","mode":"managed","type":"aws_s3_bucket","name":"example","provider_config_key":"aws","expressions":{"bucket":{"references":["var.project_name","var.environment"]},"tags":{"references":["var.project_name","var.environment"]}},"schema_version":0},{"address":"aws_s3_bucket_acl.example","mode":"managed","type":"aws_s3_bucket_acl","name":"example","provider_config_key":"aws","expressions":{"acl":{"constant_value":"public-read"},"bucket":{"references":["aws_s3_bucket.example.id","aws_s3_bucket.example"]}},"schema_version":0},{"address":"aws_security_group.db","mode":"managed","type":"aws_security_group","name":"db","provider_config_key":"aws","expressions":{"description":{"constant_value":"Security group for RDS instance"},"egress":{"constant_value":[{"cidr_blocks":["0.0.0.0/0"],"description":null,"from_port":0,"ipv6_cidr_blocks":null,"prefix_list_ids":null,"protocol":"-1","security_groups":null,"self":null,"to_port":0}]},"ingress":{"constant_value":[{"cidr_blocks":["0.0.0.0/0"],"description":null,"from_port":5432,"ipv6_cidr_blocks":null,"prefix_list_ids":null,"protocol":"tcp","security_groups":null,"self":null,"to_port":5432}]},"name":{"references":["var.project_name"]},"tags":{"references":["var.project_name"]}},"schema_version":1}],"variables":{"ami_id":{"default":"ami-0c02fb55956c7d316","description":"AMI ID for EC2 instances"},"aws_region":{"default":"us-east-1","description":"AWS region to deploy resources"},"db_instance_class":{"default":"db.t3.micro","description":"RDS instance class"},"environment":{"default":"dev","description":"Environment name (dev, staging, prod)"},"instance_type":{"default":"t3.medium","description":"EC2 instance type"},"project_name":{"default":"ship-test","description":"Name of the project"},"root_volume_size":{"default":30,"description":"Size of the root EBS volume in GB"}}}},"relevant_attributes":[{"resource":"aws_db_instance.example","attribute":["address"]},{"resource":"aws_db_instance.example","attribute":["endpoint"]},{"resource":"aws_db_instance.example","attribute":["port"]},{"resource":"aws_instance.example","attribute":["private_ip"]},{"resource":"aws_s3_bucket.example","attribute":["id"]},{"resource":"aws_instance.example","attribute":["id"]},{"resource":"aws_instance.example","attribute":["public_ip"]},{"resource":"aws_s3_bucket.example","attribute":["arn"]},{"resource":"aws_security_group.db","attribute":["id"]}],"checks":[{"address":{"kind":"var","name":"environment","to_display":"var.environment"},"status":"pass","instances":[{"address":{"to_display":"var.environment"},"status":"pass"}]}],"timestamp":"2025-07-13T21:17:23Z","applyable":true,"complete":true,"errored":false}
